
Microsoft Visual Studio Solution File, Format Version 12.00
# Visual Studio Version 17
VisualStudioVersion = 17.9.34728.123
MinimumVisualStudioVersion = 10.0.40219.1
Project("{FAE04EC0-301F-11D3-BF4B-00C04F79EFBC}") = "WebApiApp", "WebApiApp.csproj", "{5CF64ADD-0F68-4EB3-9999-737454533C7F}"
EndProject
Global
	GlobalSection(SolutionConfigurationPlatforms) = preSolution
		Debug|Any CPU = Debug|Any CPU
		Release|Any CPU = Release|Any CPU
	EndGlobalSection
	GlobalSection(ProjectConfigurationPlatforms) = postSolution
		{5CF64ADD-0F68-4EB3-9999-737454533C7F}.Debug|Any CPU.ActiveCfg = Debug|Any CPU
		{5CF64ADD-0F68-4EB3-9999-737454533C7F}.Debug|Any CPU.Build.0 = Debug|Any CPU
		{5CF64ADD-0F68-4EB3-9999-737454533C7F}.Release|Any CPU.ActiveCfg = Release|Any CPU
		{5CF64ADD-0F68-4EB3-9999-737454533C7F}.Release|Any CPU.Build.0 = Release|Any CPU
	EndGlobalSection
	GlobalSection(SolutionProperties) = preSolution
		HideSolutionNode = FALSE
	EndGlobalSection
	GlobalSection(ExtensibilityGlobals) = postSolution
		SolutionGuid = {2F488982-0565-4FE5-BC9B-E48E008A00E2}
	EndGlobalSection
EndGlobal
